
Microsoft Visual Studio Solution File, Format Version 12.00
# Visual Studio Version 16
VisualStudioVersion = 25.0.1706.1
MinimumVisualStudioVersion = 10.0.40219.1
Project("{FAE04EC0-301F-11D3-BF4B-00C04F79EFBC}") = "MovieApp", "MovieApp\MovieApp.csproj", "{76687D03-CF82-4096-B3C6-8C6CACB470EB}"
EndProject
Global
	GlobalSection(SolutionConfigurationPlatforms) = preSolution
		Debug|Any CPU = Debug|Any CPU
		Release|Any CPU = Release|Any CPU
	EndGlobalSection
	GlobalSection(ProjectConfigurationPlatforms) = postSolution
		{76687D03-CF82-4096-B3C6-8C6CACB470EB}.Debug|Any CPU.ActiveCfg = Debug|Any CPU
		{76687D03-CF82-4096-B3C6-8C6CACB470EB}.Debug|Any CPU.Build.0 = Debug|Any CPU
		{76687D03-CF82-4096-B3C6-8C6CACB470EB}.Release|Any CPU.ActiveCfg = Release|Any CPU
		{76687D03-CF82-4096-B3C6-8C6CACB470EB}.Release|Any CPU.Build.0 = Release|Any CPU
	EndGlobalSection
	GlobalSection(SolutionProperties) = preSolution
		HideSolutionNode = FALSE
	EndGlobalSection
	GlobalSection(ExtensibilityGlobals) = postSolution
		SolutionGuid = {5DA3B650-D746-40A0-B17D-A4952D2C3E8B}
	EndGlobalSection
EndGlobal
